
Microsoft Visual Studio Solution File, Format Version 12.00
# Visual Studio Version 16
VisualStudioVersion = 16.0.30330.147
MinimumVisualStudioVersion = 10.0.40219.1
Project("{8BC9CEB8-8B4A-11D0-8D11-00A0C91BC942}") = "Test2", "Test2\Test2.vcxproj", "{2E2B7D15-5F43-4D25-8BFC-2E641EBA1EA6}"
EndProject
Project("{8BC9CEB8-8B4A-11D0-8D11-00A0C91BC942}") = "Test1", "Test1\Test1.vcxproj", "{B3CF8BEC-4EA0-463D-81E8-099C93040823}"
EndProject
Project("{2150E333-8FDC-42A3-9474-1A3956D46DE8}") = "test_project", "test_project", "{A5F46FCA-7187-480D-8219-47C8979719DB}"
EndProject
Project("{2150E333-8FDC-42A3-9474-1A3956D46DE8}") = "unit6", "unit6", "{DC140AFB-8357-4689-BE51-891A31801DF1}"
EndProject
Project("{8BC9CEB8-8B4A-11D0-8D11-00A0C91BC942}") = "01Inheritance", "Inheritance\Inheritance.vcxproj", "{DA4AFF99-FCA5-4695-A09D-8A4F3DCB4915}"
EndProject
Project("{8BC9CEB8-8B4A-11D0-8D11-00A0C91BC942}") = "01BaseClassCtor", "BaseClassCtor\BaseClassCtor.vcxproj", "{41513EFF-05C0-4D9F-9EE7-F430C7BDCE2F}"
EndProject
Project("{8BC9CEB8-8B4A-11D0-8D11-00A0C91BC942}") = "01DefaultBaseClassCtor", "01DefaultBaseClassCtor\01DefaultBaseClassCtor.vcxproj", "{E36D0B98-0CBE-4BB6-A31F-55F8BF608E2C}"
EndProject
Project("{8BC9CEB8-8B4A-11D0-8D11-00A0C91BC942}") = "01CtorChain", "CtorChain\CtorChain.vcxproj", "{9BE0C9BD-9C78-46EE-A62E-1C85A84F315D}"
EndProject
Project("{8BC9CEB8-8B4A-11D0-8D11-00A0C91BC942}") = "02RedefineFunctions", "02RedefineFunctions\02RedefineFunctions.vcxproj", "{5E68F5B1-ED5B-4815-99D0-42BCFDE93AF9}"
EndProject
Project("{8BC9CEB8-8B4A-11D0-8D11-00A0C91BC942}") = "03Polymorphism", "03Polymorphism\03Polymorphism.vcxproj", "{09F9FEAF-15BD-4824-AFAD-550240DD7BB1}"
EndProject
Project("{8BC9CEB8-8B4A-11D0-8D11-00A0C91BC942}") = "04Accessibility", "04Accessibility\04Accessibility.vcxproj", "{655C8BD0-2546-4910-81AB-5B2524EFC6F7}"
EndProject
Project("{8BC9CEB8-8B4A-11D0-8D11-00A0C91BC942}") = "04AbstractClass", "04AbstractClass\04AbstractClass.vcxproj", "{BD0F8907-F81E-4AE5-A872-5D2349917E3D}"
EndProject
Project("{2150E333-8FDC-42A3-9474-1A3956D46DE8}") = "unit7", "unit7", "{A18CC604-1331-4A4E-B5C4-85B1190FCBF2}"
EndProject
Project("{8BC9CEB8-8B4A-11D0-8D11-00A0C91BC942}") = "01CheckPath", "CheckPath\CheckPath.vcxproj", "{3DAEB26C-266A-415B-9D79-F0AAD936CF0B}"
EndProject
Project("{8BC9CEB8-8B4A-11D0-8D11-00A0C91BC942}") = "01PathQuery", "01PathQuery\01PathQuery.vcxproj", "{760C8068-47C0-4C4D-9313-ACA3E5FEF436}"
EndProject
Project("{8BC9CEB8-8B4A-11D0-8D11-00A0C91BC942}") = "01PathOperators", "01PathOperators\01PathOperators.vcxproj", "{DF52EC3F-9CDB-4156-985C-97E3682DD83C}"
EndProject
Project("{8BC9CEB8-8B4A-11D0-8D11-00A0C91BC942}") = "01PathSpace", "01PathSpace\01PathSpace.vcxproj", "{489B5367-FAC3-40C0-9AF2-7DEF52FEE4D7}"
EndProject
Project("{8BC9CEB8-8B4A-11D0-8D11-00A0C91BC942}") = "02BufferedIO.cpp", "BufferedIO.cpp\BufferedIO.cpp.vcxproj", "{43071AAB-831F-46C8-9AC1-4CCBE917C7E3}"
EndProject
Project("{8BC9CEB8-8B4A-11D0-8D11-00A0C91BC942}") = "02FileOutput", "02FileOutput\02FileOutput.vcxproj", "{29CFC5E4-6002-4D83-B5AE-FA51BCB6C3E7}"
EndProject
Project("{8BC9CEB8-8B4A-11D0-8D11-00A0C91BC942}") = "02FileInput", "02FileInput\02FileInput.vcxproj", "{EFAF492C-A82D-441C-AF7E-E51C36350AA8}"
EndProject
Project("{8BC9CEB8-8B4A-11D0-8D11-00A0C91BC942}") = "03FormatOutput", "03FormatOutput\03FormatOutput.vcxproj", "{5A3CE7ED-0FFD-4BE2-B3DB-228A8C493550}"
EndProject
Project("{8BC9CEB8-8B4A-11D0-8D11-00A0C91BC942}") = "03GetlineDemo", "03GetlineDemo\03GetlineDemo.vcxproj", "{2946BD57-4441-48C5-8A33-32AC11FDAF27}"
EndProject
Project("{8BC9CEB8-8B4A-11D0-8D11-00A0C91BC942}") = "04FileOpenMode", "04FileOpenMode\04FileOpenMode.vcxproj", "{E7343168-3C85-4F66-A5A6-27EFF9AE9452}"
EndProject
Global
	GlobalSection(SolutionConfigurationPlatforms) = preSolution
		Debug|x64 = Debug|x64
		Debug|x86 = Debug|x86
		Release|x64 = Release|x64
		Release|x86 = Release|x86
	EndGlobalSection
	GlobalSection(ProjectConfigurationPlatforms) = postSolution
		{2E2B7D15-5F43-4D25-8BFC-2E641EBA1EA6}.Debug|x64.ActiveCfg = Debug|x64
		{2E2B7D15-5F43-4D25-8BFC-2E641EBA1EA6}.Debug|x64.Build.0 = Debug|x64
		{2E2B7D15-5F43-4D25-8BFC-2E641EBA1EA6}.Debug|x86.ActiveCfg = Debug|Win32
		{2E2B7D15-5F43-4D25-8BFC-2E641EBA1EA6}.Debug|x86.Build.0 = Debug|Win32
		{2E2B7D15-5F43-4D25-8BFC-2E641EBA1EA6}.Release|x64.ActiveCfg = Release|x64
		{2E2B7D15-5F43-4D25-8BFC-2E641EBA1EA6}.Release|x64.Build.0 = Release|x64
		{2E2B7D15-5F43-4D25-8BFC-2E641EBA1EA6}.Release|x86.ActiveCfg = Release|Win32
		{2E2B7D15-5F43-4D25-8BFC-2E641EBA1EA6}.Release|x86.Build.0 = Release|Win32
		{B3CF8BEC-4EA0-463D-81E8-099C93040823}.Debug|x64.ActiveCfg = Debug|x64
		{B3CF8BEC-4EA0-463D-81E8-099C93040823}.Debug|x64.Build.0 = Debug|x64
		{B3CF8BEC-4EA0-463D-81E8-099C93040823}.Debug|x86.ActiveCfg = Debug|Win32
		{B3CF8BEC-4EA0-463D-81E8-099C93040823}.Debug|x86.Build.0 = Debug|Win32
		{B3CF8BEC-4EA0-463D-81E8-099C93040823}.Release|x64.ActiveCfg = Release|x64
		{B3CF8BEC-4EA0-463D-81E8-099C93040823}.Release|x64.Build.0 = Release|x64
		{B3CF8BEC-4EA0-463D-81E8-099C93040823}.Release|x86.ActiveCfg = Release|Win32
		{B3CF8BEC-4EA0-463D-81E8-099C93040823}.Release|x86.Build.0 = Release|Win32
		{DA4AFF99-FCA5-4695-A09D-8A4F3DCB4915}.Debug|x64.ActiveCfg = Debug|x64
		{DA4AFF99-FCA5-4695-A09D-8A4F3DCB4915}.Debug|x64.Build.0 = Debug|x64
		{DA4AFF99-FCA5-4695-A09D-8A4F3DCB4915}.Debug|x86.ActiveCfg = Debug|Win32
		{DA4AFF99-FCA5-4695-A09D-8A4F3DCB4915}.Debug|x86.Build.0 = Debug|Win32
		{DA4AFF99-FCA5-4695-A09D-8A4F3DCB4915}.Release|x64.ActiveCfg = Release|x64
		{DA4AFF99-FCA5-4695-A09D-8A4F3DCB4915}.Release|x64.Build.0 = Release|x64
		{DA4AFF99-FCA5-4695-A09D-8A4F3DCB4915}.Release|x86.ActiveCfg = Release|Win32
		{DA4AFF99-FCA5-4695-A09D-8A4F3DCB4915}.Release|x86.Build.0 = Release|Win32
		{41513EFF-05C0-4D9F-9EE7-F430C7BDCE2F}.Debug|x64.ActiveCfg = Debug|x64
		{41513EFF-05C0-4D9F-9EE7-F430C7BDCE2F}.Debug|x64.Build.0 = Debug|x64
		{41513EFF-05C0-4D9F-9EE7-F430C7BDCE2F}.Debug|x86.ActiveCfg = Debug|Win32
		{41513EFF-05C0-4D9F-9EE7-F430C7BDCE2F}.Debug|x86.Build.0 = Debug|Win32
		{41513EFF-05C0-4D9F-9EE7-F430C7BDCE2F}.Release|x64.ActiveCfg = Release|x64
		{41513EFF-05C0-4D9F-9EE7-F430C7BDCE2F}.Release|x64.Build.0 = Release|x64
		{41513EFF-05C0-4D9F-9EE7-F430C7BDCE2F}.Release|x86.ActiveCfg = Release|Win32
		{41513EFF-05C0-4D9F-9EE7-F430C7BDCE2F}.Release|x86.Build.0 = Release|Win32
		{E36D0B98-0CBE-4BB6-A31F-55F8BF608E2C}.Debug|x64.ActiveCfg = Debug|x64
		{E36D0B98-0CBE-4BB6-A31F-55F8BF608E2C}.Debug|x64.Build.0 = Debug|x64
		{E36D0B98-0CBE-4BB6-A31F-55F8BF608E2C}.Debug|x86.ActiveCfg = Debug|Win32
		{E36D0B98-0CBE-4BB6-A31F-55F8BF608E2C}.Debug|x86.Build.0 = Debug|Win32
		{E36D0B98-0CBE-4BB6-A31F-55F8BF608E2C}.Release|x64.ActiveCfg = Release|x64
		{E36D0B98-0CBE-4BB6-A31F-55F8BF608E2C}.Release|x64.Build.0 = Release|x64
		{E36D0B98-0CBE-4BB6-A31F-55F8BF608E2C}.Release|x86.ActiveCfg = Release|Win32
		{E36D0B98-0CBE-4BB6-A31F-55F8BF608E2C}.Release|x86.Build.0 = Release|Win32
		{9BE0C9BD-9C78-46EE-A62E-1C85A84F315D}.Debug|x64.ActiveCfg = Debug|x64
		{9BE0C9BD-9C78-46EE-A62E-1C85A84F315D}.Debug|x64.Build.0 = Debug|x64
		{9BE0C9BD-9C78-46EE-A62E-1C85A84F315D}.Debug|x86.ActiveCfg = Debug|Win32
		{9BE0C9BD-9C78-46EE-A62E-1C85A84F315D}.Debug|x86.Build.0 = Debug|Win32
		{9BE0C9BD-9C78-46EE-A62E-1C85A84F315D}.Release|x64.ActiveCfg = Release|x64
		{9BE0C9BD-9C78-46EE-A62E-1C85A84F315D}.Release|x64.Build.0 = Release|x64
		{9BE0C9BD-9C78-46EE-A62E-1C85A84F315D}.Release|x86.ActiveCfg = Release|Win32
		{9BE0C9BD-9C78-46EE-A62E-1C85A84F315D}.Release|x86.Build.0 = Release|Win32
		{5E68F5B1-ED5B-4815-99D0-42BCFDE93AF9}.Debug|x64.ActiveCfg = Debug|x64
		{5E68F5B1-ED5B-4815-99D0-42BCFDE93AF9}.Debug|x64.Build.0 = Debug|x64
		{5E68F5B1-ED5B-4815-99D0-42BCFDE93AF9}.Debug|x86.ActiveCfg = Debug|Win32
		{5E68F5B1-ED5B-4815-99D0-42BCFDE93AF9}.Debug|x86.Build.0 = Debug|Win32
		{5E68F5B1-ED5B-4815-99D0-42BCFDE93AF9}.Release|x64.ActiveCfg = Release|x64
		{5E68F5B1-ED5B-4815-99D0-42BCFDE93AF9}.Release|x64.Build.0 = Release|x64
		{5E68F5B1-ED5B-4815-99D0-42BCFDE93AF9}.Release|x86.ActiveCfg = Release|Win32
		{5E68F5B1-ED5B-4815-99D0-42BCFDE93AF9}.Release|x86.Build.0 = Release|Win32
		{09F9FEAF-15BD-4824-AFAD-550240DD7BB1}.Debug|x64.ActiveCfg = Debug|x64
		{09F9FEAF-15BD-4824-AFAD-550240DD7BB1}.Debug|x64.Build.0 = Debug|x64
		{09F9FEAF-15BD-4824-AFAD-550240DD7BB1}.Debug|x86.ActiveCfg = Debug|Win32
		{09F9FEAF-15BD-4824-AFAD-550240DD7BB1}.Debug|x86.Build.0 = Debug|Win32
		{09F9FEAF-15BD-4824-AFAD-550240DD7BB1}.Release|x64.ActiveCfg = Release|x64
		{09F9FEAF-15BD-4824-AFAD-550240DD7BB1}.Release|x64.Build.0 = Release|x64
		{09F9FEAF-15BD-4824-AFAD-550240DD7BB1}.Release|x86.ActiveCfg = Release|Win32
		{09F9FEAF-15BD-4824-AFAD-550240DD7BB1}.Release|x86.Build.0 = Release|Win32
		{655C8BD0-2546-4910-81AB-5B2524EFC6F7}.Debug|x64.ActiveCfg = Debug|x64
		{655C8BD0-2546-4910-81AB-5B2524EFC6F7}.Debug|x64.Build.0 = Debug|x64
		{655C8BD0-2546-4910-81AB-5B2524EFC6F7}.Debug|x86.ActiveCfg = Debug|Win32
		{655C8BD0-2546-4910-81AB-5B2524EFC6F7}.Debug|x86.Build.0 = Debug|Win32
		{655C8BD0-2546-4910-81AB-5B2524EFC6F7}.Release|x64.ActiveCfg = Release|x64
		{655C8BD0-2546-4910-81AB-5B2524EFC6F7}.Release|x64.Build.0 = Release|x64
		{655C8BD0-2546-4910-81AB-5B2524EFC6F7}.Release|x86.ActiveCfg = Release|Win32
		{655C8BD0-2546-4910-81AB-5B2524EFC6F7}.Release|x86.Build.0 = Release|Win32
		{BD0F8907-F81E-4AE5-A872-5D2349917E3D}.Debug|x64.ActiveCfg = Debug|x64
		{BD0F8907-F81E-4AE5-A872-5D2349917E3D}.Debug|x64.Build.0 = Debug|x64
		{BD0F8907-F81E-4AE5-A872-5D2349917E3D}.Debug|x86.ActiveCfg = Debug|Win32
		{BD0F8907-F81E-4AE5-A872-5D2349917E3D}.Debug|x86.Build.0 = Debug|Win32
		{BD0F8907-F81E-4AE5-A872-5D2349917E3D}.Release|x64.ActiveCfg = Release|x64
		{BD0F8907-F81E-4AE5-A872-5D2349917E3D}.Release|x64.Build.0 = Release|x64
		{BD0F8907-F81E-4AE5-A872-5D2349917E3D}.Release|x86.ActiveCfg = Release|Win32
		{BD0F8907-F81E-4AE5-A872-5D2349917E3D}.Release|x86.Build.0 = Release|Win32
		{3DAEB26C-266A-415B-9D79-F0AAD936CF0B}.Debug|x64.ActiveCfg = Debug|x64
		{3DAEB26C-266A-415B-9D79-F0AAD936CF0B}.Debug|x64.Build.0 = Debug|x64
		{3DAEB26C-266A-415B-9D79-F0AAD936CF0B}.Debug|x86.ActiveCfg = Debug|Win32
		{3DAEB26C-266A-415B-9D79-F0AAD936CF0B}.Debug|x86.Build.0 = Debug|Win32
		{3DAEB26C-266A-415B-9D79-F0AAD936CF0B}.Release|x64.ActiveCfg = Release|x64
		{3DAEB26C-266A-415B-9D79-F0AAD936CF0B}.Release|x64.Build.0 = Release|x64
		{3DAEB26C-266A-415B-9D79-F0AAD936CF0B}.Release|x86.ActiveCfg = Release|Win32
		{3DAEB26C-266A-415B-9D79-F0AAD936CF0B}.Release|x86.Build.0 = Release|Win32
		{760C8068-47C0-4C4D-9313-ACA3E5FEF436}.Debug|x64.ActiveCfg = Debug|x64
		{760C8068-47C0-4C4D-9313-ACA3E5FEF436}.Debug|x64.Build.0 = Debug|x64
		{760C8068-47C0-4C4D-9313-ACA3E5FEF436}.Debug|x86.ActiveCfg = Debug|Win32
		{760C8068-47C0-4C4D-9313-ACA3E5FEF436}.Debug|x86.Build.0 = Debug|Win32
		{760C8068-47C0-4C4D-9313-ACA3E5FEF436}.Release|x64.ActiveCfg = Release|x64
		{760C8068-47C0-4C4D-9313-ACA3E5FEF436}.Release|x64.Build.0 = Release|x64
		{760C8068-47C0-4C4D-9313-ACA3E5FEF436}.Release|x86.ActiveCfg = Release|Win32
		{760C8068-47C0-4C4D-9313-ACA3E5FEF436}.Release|x86.Build.0 = Release|Win32
		{DF52EC3F-9CDB-4156-985C-97E3682DD83C}.Debug|x64.ActiveCfg = Debug|x64
		{DF52EC3F-9CDB-4156-985C-97E3682DD83C}.Debug|x64.Build.0 = Debug|x64
		{DF52EC3F-9CDB-4156-985C-97E3682DD83C}.Debug|x86.ActiveCfg = Debug|Win32
		{DF52EC3F-9CDB-4156-985C-97E3682DD83C}.Debug|x86.Build.0 = Debug|Win32
		{DF52EC3F-9CDB-4156-985C-97E3682DD83C}.Release|x64.ActiveCfg = Release|x64
		{DF52EC3F-9CDB-4156-985C-97E3682DD83C}.Release|x64.Build.0 = Release|x64
		{DF52EC3F-9CDB-4156-985C-97E3682DD83C}.Release|x86.ActiveCfg = Release|Win32
		{DF52EC3F-9CDB-4156-985C-97E3682DD83C}.Release|x86.Build.0 = Release|Win32
		{489B5367-FAC3-40C0-9AF2-7DEF52FEE4D7}.Debug|x64.ActiveCfg = Debug|x64
		{489B5367-FAC3-40C0-9AF2-7DEF52FEE4D7}.Debug|x64.Build.0 = Debug|x64
		{489B5367-FAC3-40C0-9AF2-7DEF52FEE4D7}.Debug|x86.ActiveCfg = Debug|Win32
		{489B5367-FAC3-40C0-9AF2-7DEF52FEE4D7}.Debug|x86.Build.0 = Debug|Win32
		{489B5367-FAC3-40C0-9AF2-7DEF52FEE4D7}.Release|x64.ActiveCfg = Release|x64
		{489B5367-FAC3-40C0-9AF2-7DEF52FEE4D7}.Release|x64.Build.0 = Release|x64
		{489B5367-FAC3-40C0-9AF2-7DEF52FEE4D7}.Release|x86.ActiveCfg = Release|Win32
		{489B5367-FAC3-40C0-9AF2-7DEF52FEE4D7}.Release|x86.Build.0 = Release|Win32
		{43071AAB-831F-46C8-9AC1-4CCBE917C7E3}.Debug|x64.ActiveCfg = Debug|x64
		{43071AAB-831F-46C8-9AC1-4CCBE917C7E3}.Debug|x64.Build.0 = Debug|x64
		{43071AAB-831F-46C8-9AC1-4CCBE917C7E3}.Debug|x86.ActiveCfg = Debug|Win32
		{43071AAB-831F-46C8-9AC1-4CCBE917C7E3}.Debug|x86.Build.0 = Debug|Win32
		{43071AAB-831F-46C8-9AC1-4CCBE917C7E3}.Release|x64.ActiveCfg = Release|x64
		{43071AAB-831F-46C8-9AC1-4CCBE917C7E3}.Release|x64.Build.0 = Release|x64
		{43071AAB-831F-46C8-9AC1-4CCBE917C7E3}.Release|x86.ActiveCfg = Release|Win32
		{43071AAB-831F-46C8-9AC1-4CCBE917C7E3}.Release|x86.Build.0 = Release|Win32
		{29CFC5E4-6002-4D83-B5AE-FA51BCB6C3E7}.Debug|x64.ActiveCfg = Debug|x64
		{29CFC5E4-6002-4D83-B5AE-FA51BCB6C3E7}.Debug|x64.Build.0 = Debug|x64
		{29CFC5E4-6002-4D83-B5AE-FA51BCB6C3E7}.Debug|x86.ActiveCfg = Debug|Win32
		{29CFC5E4-6002-4D83-B5AE-FA51BCB6C3E7}.Debug|x86.Build.0 = Debug|Win32
		{29CFC5E4-6002-4D83-B5AE-FA51BCB6C3E7}.Release|x64.ActiveCfg = Release|x64
		{29CFC5E4-6002-4D83-B5AE-FA51BCB6C3E7}.Release|x64.Build.0 = Release|x64
		{29CFC5E4-6002-4D83-B5AE-FA51BCB6C3E7}.Release|x86.ActiveCfg = Release|Win32
		{29CFC5E4-6002-4D83-B5AE-FA51BCB6C3E7}.Release|x86.Build.0 = Release|Win32
		{EFAF492C-A82D-441C-AF7E-E51C36350AA8}.Debug|x64.ActiveCfg = Debug|x64
		{EFAF492C-A82D-441C-AF7E-E51C36350AA8}.Debug|x64.Build.0 = Debug|x64
		{EFAF492C-A82D-441C-AF7E-E51C36350AA8}.Debug|x86.ActiveCfg = Debug|Win32
		{EFAF492C-A82D-441C-AF7E-E51C36350AA8}.Debug|x86.Build.0 = Debug|Win32
		{EFAF492C-A82D-441C-AF7E-E51C36350AA8}.Release|x64.ActiveCfg = Release|x64
		{EFAF492C-A82D-441C-AF7E-E51C36350AA8}.Release|x64.Build.0 = Release|x64
		{EFAF492C-A82D-441C-AF7E-E51C36350AA8}.Release|x86.ActiveCfg = Release|Win32
		{EFAF492C-A82D-441C-AF7E-E51C36350AA8}.Release|x86.Build.0 = Release|Win32
		{5A3CE7ED-0FFD-4BE2-B3DB-228A8C493550}.Debug|x64.ActiveCfg = Debug|x64
		{5A3CE7ED-0FFD-4BE2-B3DB-228A8C493550}.Debug|x64.Build.0 = Debug|x64
		{5A3CE7ED-0FFD-4BE2-B3DB-228A8C493550}.Debug|x86.ActiveCfg = Debug|Win32
		{5A3CE7ED-0FFD-4BE2-B3DB-228A8C493550}.Debug|x86.Build.0 = Debug|Win32
		{5A3CE7ED-0FFD-4BE2-B3DB-228A8C493550}.Release|x64.ActiveCfg = Release|x64
		{5A3CE7ED-0FFD-4BE2-B3DB-228A8C493550}.Release|x64.Build.0 = Release|x64
		{5A3CE7ED-0FFD-4BE2-B3DB-228A8C493550}.Release|x86.ActiveCfg = Release|Win32
		{5A3CE7ED-0FFD-4BE2-B3DB-228A8C493550}.Release|x86.Build.0 = Release|Win32
		{2946BD57-4441-48C5-8A33-32AC11FDAF27}.Debug|x64.ActiveCfg = Debug|x64
		{2946BD57-4441-48C5-8A33-32AC11FDAF27}.Debug|x64.Build.0 = Debug|x64
		{2946BD57-4441-48C5-8A33-32AC11FDAF27}.Debug|x86.ActiveCfg = Debug|Win32
		{2946BD57-4441-48C5-8A33-32AC11FDAF27}.Debug|x86.Build.0 = Debug|Win32
		{2946BD57-4441-48C5-8A33-32AC11FDAF27}.Release|x64.ActiveCfg = Release|x64
		{2946BD57-4441-48C5-8A33-32AC11FDAF27}.Release|x64.Build.0 = Release|x64
		{2946BD57-4441-48C5-8A33-32AC11FDAF27}.Release|x86.ActiveCfg = Release|Win32
		{2946BD57-4441-48C5-8A33-32AC11FDAF27}.Release|x86.Build.0 = Release|Win32
		{E7343168-3C85-4F66-A5A6-27EFF9AE9452}.Debug|x64.ActiveCfg = Debug|x64
		{E7343168-3C85-4F66-A5A6-27EFF9AE9452}.Debug|x64.Build.0 = Debug|x64
		{E7343168-3C85-4F66-A5A6-27EFF9AE9452}.Debug|x86.ActiveCfg = Debug|Win32
		{E7343168-3C85-4F66-A5A6-27EFF9AE9452}.Debug|x86.Build.0 = Debug|Win32
		{E7343168-3C85-4F66-A5A6-27EFF9AE9452}.Release|x64.ActiveCfg = Release|x64
		{E7343168-3C85-4F66-A5A6-27EFF9AE9452}.Release|x64.Build.0 = Release|x64
		{E7343168-3C85-4F66-A5A6-27EFF9AE9452}.Release|x86.ActiveCfg = Release|Win32
		{E7343168-3C85-4F66-A5A6-27EFF9AE9452}.Release|x86.Build.0 = Release|Win32
	EndGlobalSection
	GlobalSection(SolutionProperties) = preSolution
		HideSolutionNode = FALSE
	EndGlobalSection
	GlobalSection(NestedProjects) = preSolution
		{2E2B7D15-5F43-4D25-8BFC-2E641EBA1EA6} = {A5F46FCA-7187-480D-8219-47C8979719DB}
		{B3CF8BEC-4EA0-463D-81E8-099C93040823} = {A5F46FCA-7187-480D-8219-47C8979719DB}
		{DA4AFF99-FCA5-4695-A09D-8A4F3DCB4915} = {DC140AFB-8357-4689-BE51-891A31801DF1}
		{41513EFF-05C0-4D9F-9EE7-F430C7BDCE2F} = {DC140AFB-8357-4689-BE51-891A31801DF1}
		{E36D0B98-0CBE-4BB6-A31F-55F8BF608E2C} = {DC140AFB-8357-4689-BE51-891A31801DF1}
		{9BE0C9BD-9C78-46EE-A62E-1C85A84F315D} = {DC140AFB-8357-4689-BE51-891A31801DF1}
		{5E68F5B1-ED5B-4815-99D0-42BCFDE93AF9} = {DC140AFB-8357-4689-BE51-891A31801DF1}
		{09F9FEAF-15BD-4824-AFAD-550240DD7BB1} = {DC140AFB-8357-4689-BE51-891A31801DF1}
		{655C8BD0-2546-4910-81AB-5B2524EFC6F7} = {DC140AFB-8357-4689-BE51-891A31801DF1}
		{BD0F8907-F81E-4AE5-A872-5D2349917E3D} = {DC140AFB-8357-4689-BE51-891A31801DF1}
		{3DAEB26C-266A-415B-9D79-F0AAD936CF0B} = {A18CC604-1331-4A4E-B5C4-85B1190FCBF2}
		{760C8068-47C0-4C4D-9313-ACA3E5FEF436} = {A18CC604-1331-4A4E-B5C4-85B1190FCBF2}
		{DF52EC3F-9CDB-4156-985C-97E3682DD83C} = {A18CC604-1331-4A4E-B5C4-85B1190FCBF2}
		{489B5367-FAC3-40C0-9AF2-7DEF52FEE4D7} = {A18CC604-1331-4A4E-B5C4-85B1190FCBF2}
		{43071AAB-831F-46C8-9AC1-4CCBE917C7E3} = {A18CC604-1331-4A4E-B5C4-85B1190FCBF2}
		{29CFC5E4-6002-4D83-B5AE-FA51BCB6C3E7} = {A18CC604-1331-4A4E-B5C4-85B1190FCBF2}
		{EFAF492C-A82D-441C-AF7E-E51C36350AA8} = {A18CC604-1331-4A4E-B5C4-85B1190FCBF2}
		{5A3CE7ED-0FFD-4BE2-B3DB-228A8C493550} = {A18CC604-1331-4A4E-B5C4-85B1190FCBF2}
		{2946BD57-4441-48C5-8A33-32AC11FDAF27} = {A18CC604-1331-4A4E-B5C4-85B1190FCBF2}
		{E7343168-3C85-4F66-A5A6-27EFF9AE9452} = {A18CC604-1331-4A4E-B5C4-85B1190FCBF2}
	EndGlobalSection
	GlobalSection(ExtensibilityGlobals) = postSolution
		SolutionGuid = {FD5C6918-6AE6-4A22-A297-661876F96518}
	EndGlobalSection
EndGlobal
